
Microsoft Visual Studio Solution File, Format Version 12.00
# Visual Studio Version 16
VisualStudioVersion = 16.0.31019.35
MinimumVisualStudioVersion = 10.0.40219.1
Project("{FAE04EC0-301F-11D3-BF4B-00C04F79EFBC}") = "WebApiPracticeCheckProject", "WebApiPracticeCheckProject\WebApiPracticeCheckProject.csproj", "{58664003-9CF8-4CE0-A7D9-ACB59F43F03E}"
EndProject
Global
	GlobalSection(SolutionConfigurationPlatforms) = preSolution
		Debug|Any CPU = Debug|Any CPU
		Release|Any CPU = Release|Any CPU
	EndGlobalSection
	GlobalSection(ProjectConfigurationPlatforms) = postSolution
		{58664003-9CF8-4CE0-A7D9-ACB59F43F03E}.Debug|Any CPU.ActiveCfg = Debug|Any CPU
		{58664003-9CF8-4CE0-A7D9-ACB59F43F03E}.Debug|Any CPU.Build.0 = Debug|Any CPU
		{58664003-9CF8-4CE0-A7D9-ACB59F43F03E}.Release|Any CPU.ActiveCfg = Release|Any CPU
		{58664003-9CF8-4CE0-A7D9-ACB59F43F03E}.Release|Any CPU.Build.0 = Release|Any CPU
	EndGlobalSection
	GlobalSection(SolutionProperties) = preSolution
		HideSolutionNode = FALSE
	EndGlobalSection
	GlobalSection(ExtensibilityGlobals) = postSolution
		SolutionGuid = {16F6734E-37DA-40C4-B3BD-9EB5E552A913}
	EndGlobalSection
EndGlobal
